// !$*UTF8*$!
{
	archiveVersion = 1;
	classes = {
	};
	objectVersion = 46;
	objects = {

/* Begin PBXBuildFile section */
		5809B3791D2474EA0029136A /* Launch Screen.storyboard in Resources */ = {isa = PBXBuildFile; fileRef = 5809B3781D2474EA0029136A /* Launch Screen.storyboard */; };
		582A4AC31DD8D74D008203BA /* SafariServices.framework in Frameworks */ = {isa = PBXBuildFile; fileRef = 582A4AC21DD8D74D008203BA /* SafariServices.framework */; };
		583DCB9E1A2776E60049577B /* CustomInfiniteIndicator.m in Sources */ = {isa = PBXBuildFile; fileRef = 583DCB9D1A2776E60049577B /* CustomInfiniteIndicator.m */; };
		58481523191D5D290019C583 /* Foundation.framework in Frameworks */ = {isa = PBXBuildFile; fileRef = 58481522191D5D290019C583 /* Foundation.framework */; };
		58481525191D5D290019C583 /* CoreGraphics.framework in Frameworks */ = {isa = PBXBuildFile; fileRef = 58481524191D5D290019C583 /* CoreGraphics.framework */; };
		58481527191D5D290019C583 /* UIKit.framework in Frameworks */ = {isa = PBXBuildFile; fileRef = 58481526191D5D290019C583 /* UIKit.framework */; };
		5848152D191D5D290019C583 /* InfoPlist.strings in Resources */ = {isa = PBXBuildFile; fileRef = 5848152B191D5D290019C583 /* InfoPlist.strings */; };
		5848152F191D5D290019C583 /* main.m in Sources */ = {isa = PBXBuildFile; fileRef = 5848152E191D5D290019C583 /* main.m */; };
		58481533191D5D290019C583 /* AppDelegate.m in Sources */ = {isa = PBXBuildFile; fileRef = 58481532191D5D290019C583 /* AppDelegate.m */; };
		58481535191D5D290019C583 /* Images.xcassets in Resources */ = {isa = PBXBuildFile; fileRef = 58481534191D5D290019C583 /* Images.xcassets */; };
		5865765D197D8CCF00E7AF20 /* UIApplication+NetworkIndicator.m in Sources */ = {isa = PBXBuildFile; fileRef = 5865765C197D8CCF00E7AF20 /* UIApplication+NetworkIndicator.m */; };
		5874FD7B191D5E080041FBF8 /* Main.storyboard in Resources */ = {isa = PBXBuildFile; fileRef = 5874FD7A191D5E080041FBF8 /* Main.storyboard */; };
		5874FD7E191D5E6E0041FBF8 /* TableViewController.m in Sources */ = {isa = PBXBuildFile; fileRef = 5874FD7D191D5E6E0041FBF8 /* TableViewController.m */; };
		5874FD81191E752B0041FBF8 /* StoryModel.m in Sources */ = {isa = PBXBuildFile; fileRef = 5874FD80191E752B0041FBF8 /* StoryModel.m */; };
		5874FD88191E7EBF0041FBF8 /* UIScrollView+InfiniteScroll.m in Sources */ = {isa = PBXBuildFile; fileRef = 5874FD87191E7EBF0041FBF8 /* UIScrollView+InfiniteScroll.m */; };
		587983EB1AD020C200D736C9 /* PhotoViewController.m in Sources */ = {isa = PBXBuildFile; fileRef = 587983EA1AD020C200D736C9 /* PhotoViewController.m */; };
		5898E55B1BC531C900DB2ECC /* UIScrollView+InfiniteScroll.m in Sources */ = {isa = PBXBuildFile; fileRef = 5874FD87191E7EBF0041FBF8 /* UIScrollView+InfiniteScroll.m */; };
		5898E55C1BC531CB00DB2ECC /* UIApplication+NetworkIndicator.m in Sources */ = {isa = PBXBuildFile; fileRef = 5865765C197D8CCF00E7AF20 /* UIApplication+NetworkIndicator.m */; };
		5898E55D1BC531CE00DB2ECC /* AppDelegate.m in Sources */ = {isa = PBXBuildFile; fileRef = 58481532191D5D290019C583 /* AppDelegate.m */; };
		5898E55E1BC531CF00DB2ECC /* StoryModel.m in Sources */ = {isa = PBXBuildFile; fileRef = 5874FD80191E752B0041FBF8 /* StoryModel.m */; };
		5898E55F1BC531D100DB2ECC /* CustomInfiniteIndicator.m in Sources */ = {isa = PBXBuildFile; fileRef = 583DCB9D1A2776E60049577B /* CustomInfiniteIndicator.m */; };
		5898E5601BC531D200DB2ECC /* TableViewController.m in Sources */ = {isa = PBXBuildFile; fileRef = 5874FD7D191D5E6E0041FBF8 /* TableViewController.m */; };
		5898E5621BC531D500DB2ECC /* CollectionViewController.m in Sources */ = {isa = PBXBuildFile; fileRef = 58A028691A741ECD00D79E2F /* CollectionViewController.m */; };
		5898E5631BC531D700DB2ECC /* PhotoViewController.m in Sources */ = {isa = PBXBuildFile; fileRef = 587983EA1AD020C200D736C9 /* PhotoViewController.m */; };
		5898E5641BC531D900DB2ECC /* PhotoCell.m in Sources */ = {isa = PBXBuildFile; fileRef = 58A0286C1A74305000D79E2F /* PhotoCell.m */; };
		5898E5651BC532DE00DB2ECC /* main.m in Sources */ = {isa = PBXBuildFile; fileRef = 5848152E191D5D290019C583 /* main.m */; };
		5898E5691BC536E300DB2ECC /* Main-tvOS.storyboard in Resources */ = {isa = PBXBuildFile; fileRef = 5898E5681BC536E300DB2ECC /* Main-tvOS.storyboard */; };
		58A0286A1A741ECD00D79E2F /* CollectionViewController.m in Sources */ = {isa = PBXBuildFile; fileRef = 58A028691A741ECD00D79E2F /* CollectionViewController.m */; };
		58A0286D1A74305000D79E2F /* PhotoCell.m in Sources */ = {isa = PBXBuildFile; fileRef = 58A0286C1A74305000D79E2F /* PhotoCell.m */; };
		58A67D491BC5547700C9A7A4 /* Images.xcassets in Resources */ = {isa = PBXBuildFile; fileRef = 58481534191D5D290019C583 /* Images.xcassets */; };
/* End PBXBuildFile section */

/* Begin PBXFileReference section */
		31E76BFBDEA2456E98943CE8 /* libPods.a */ = {isa = PBXFileReference; explicitFileType = archive.ar; includeInIndex = 0; path = libPods.a; sourceTree = BUILT_PRODUCTS_DIR; };
		5809B3781D2474EA0029136A /* Launch Screen.storyboard */ = {isa = PBXFileReference; fileEncoding = 4; lastKnownFileType = file.storyboard; path = "Launch Screen.storyboard"; sourceTree = "<group>"; };
		582A4AC21DD8D74D008203BA /* SafariServices.framework */ = {isa = PBXFileReference; lastKnownFileType = wrapper.framework; name = SafariServices.framework; path = System/Library/Frameworks/SafariServices.framework; sourceTree = SDKROOT; };
		583DCB9C1A2776E60049577B /* CustomInfiniteIndicator.h */ = {isa = PBXFileReference; fileEncoding = 4; lastKnownFileType = sourcecode.c.h; path = CustomInfiniteIndicator.h; sourceTree = "<group>"; };
		583DCB9D1A2776E60049577B /* CustomInfiniteIndicator.m */ = {isa = PBXFileReference; fileEncoding = 4; lastKnownFileType = sourcecode.c.objc; path = CustomInfiniteIndicator.m; sourceTree = "<group>"; };
		5848151F191D5D290019C583 /* Infinite Scroll.app */ = {isa = PBXFileReference; explicitFileType = wrapper.application; includeInIndex = 0; path = "Infinite Scroll.app"; sourceTree = BUILT_PRODUCTS_DIR; };
		58481522191D5D290019C583 /* Foundation.framework */ = {isa = PBXFileReference; lastKnownFileType = wrapper.framework; name = Foundation.framework; path = System/Library/Frameworks/Foundation.framework; sourceTree = SDKROOT; };
		58481524191D5D290019C583 /* CoreGraphics.framework */ = {isa = PBXFileReference; lastKnownFileType = wrapper.framework; name = CoreGraphics.framework; path = System/Library/Frameworks/CoreGraphics.framework; sourceTree = SDKROOT; };
		58481526191D5D290019C583 /* UIKit.framework */ = {isa = PBXFileReference; lastKnownFileType = wrapper.framework; name = UIKit.framework; path = System/Library/Frameworks/UIKit.framework; sourceTree = SDKROOT; };
		5848152A191D5D290019C583 /* Info.plist */ = {isa = PBXFileReference; lastKnownFileType = text.plist.xml; path = Info.plist; sourceTree = "<group>"; };
		5848152C191D5D290019C583 /* en */ = {isa = PBXFileReference; lastKnownFileType = text.plist.strings; name = en; path = en.lproj/InfoPlist.strings; sourceTree = "<group>"; };
		5848152E191D5D290019C583 /* main.m */ = {isa = PBXFileReference; lastKnownFileType = sourcecode.c.objc; path = main.m; sourceTree = "<group>"; };
		58481531191D5D290019C583 /* AppDelegate.h */ = {isa = PBXFileReference; lastKnownFileType = sourcecode.c.h; path = AppDelegate.h; sourceTree = "<group>"; };
		58481532191D5D290019C583 /* AppDelegate.m */ = {isa = PBXFileReference; lastKnownFileType = sourcecode.c.objc; path = AppDelegate.m; sourceTree = "<group>"; };
		58481534191D5D290019C583 /* Images.xcassets */ = {isa = PBXFileReference; lastKnownFileType = folder.assetcatalog; path = Images.xcassets; sourceTree = "<group>"; };
		5848153B191D5D290019C583 /* XCTest.framework */ = {isa = PBXFileReference; lastKnownFileType = wrapper.framework; name = XCTest.framework; path = Library/Frameworks/XCTest.framework; sourceTree = DEVELOPER_DIR; };
		5865765B197D8CCF00E7AF20 /* UIApplication+NetworkIndicator.h */ = {isa = PBXFileReference; fileEncoding = 4; lastKnownFileType = sourcecode.c.h; path = "UIApplication+NetworkIndicator.h"; sourceTree = "<group>"; };
		5865765C197D8CCF00E7AF20 /* UIApplication+NetworkIndicator.m */ = {isa = PBXFileReference; fileEncoding = 4; lastKnownFileType = sourcecode.c.objc; path = "UIApplication+NetworkIndicator.m"; sourceTree = "<group>"; };
		5874FD7A191D5E080041FBF8 /* Main.storyboard */ = {isa = PBXFileReference; fileEncoding = 4; lastKnownFileType = file.storyboard; path = Main.storyboard; sourceTree = "<group>"; };
		5874FD7C191D5E6E0041FBF8 /* TableViewController.h */ = {isa = PBXFileReference; fileEncoding = 4; lastKnownFileType = sourcecode.c.h; path = TableViewController.h; sourceTree = "<group>"; };
		5874FD7D191D5E6E0041FBF8 /* TableViewController.m */ = {isa = PBXFileReference; fileEncoding = 4; lastKnownFileType = sourcecode.c.objc; path = TableViewController.m; sourceTree = "<group>"; };
		5874FD7F191E752B0041FBF8 /* StoryModel.h */ = {isa = PBXFileReference; fileEncoding = 4; lastKnownFileType = sourcecode.c.h; path = StoryModel.h; sourceTree = "<group>"; };
		5874FD80191E752B0041FBF8 /* StoryModel.m */ = {isa = PBXFileReference; fileEncoding = 4; lastKnownFileType = sourcecode.c.objc; path = StoryModel.m; sourceTree = "<group>"; };
		5874FD86191E7EBF0041FBF8 /* UIScrollView+InfiniteScroll.h */ = {isa = PBXFileReference; fileEncoding = 4; lastKnownFileType = sourcecode.c.h; name = "UIScrollView+InfiniteScroll.h"; path = "Classes/UIScrollView+InfiniteScroll.h"; sourceTree = SOURCE_ROOT; };
		5874FD87191E7EBF0041FBF8 /* UIScrollView+InfiniteScroll.m */ = {isa = PBXFileReference; fileEncoding = 4; lastKnownFileType = sourcecode.c.objc; name = "UIScrollView+InfiniteScroll.m"; path = "Classes/UIScrollView+InfiniteScroll.m"; sourceTree = SOURCE_ROOT; };
		587983E91AD020C200D736C9 /* PhotoViewController.h */ = {isa = PBXFileReference; fileEncoding = 4; lastKnownFileType = sourcecode.c.h; path = PhotoViewController.h; sourceTree = "<group>"; };
		587983EA1AD020C200D736C9 /* PhotoViewController.m */ = {isa = PBXFileReference; fileEncoding = 4; lastKnownFileType = sourcecode.c.objc; path = PhotoViewController.m; sourceTree = "<group>"; };
		5898E5421BC52C8600DB2ECC /* Infinite Scroll.app */ = {isa = PBXFileReference; explicitFileType = wrapper.application; includeInIndex = 0; path = "Infinite Scroll.app"; sourceTree = BUILT_PRODUCTS_DIR; };
		5898E5551BC52C8600DB2ECC /* Info.plist */ = {isa = PBXFileReference; lastKnownFileType = text.plist.xml; path = Info.plist; sourceTree = "<group>"; };
		5898E5681BC536E300DB2ECC /* Main-tvOS.storyboard */ = {isa = PBXFileReference; fileEncoding = 4; lastKnownFileType = file.storyboard; path = "Main-tvOS.storyboard"; sourceTree = "<group>"; };
		58A028681A741ECD00D79E2F /* CollectionViewController.h */ = {isa = PBXFileReference; fileEncoding = 4; lastKnownFileType = sourcecode.c.h; path = CollectionViewController.h; sourceTree = "<group>"; };
		58A028691A741ECD00D79E2F /* CollectionViewController.m */ = {isa = PBXFileReference; fileEncoding = 4; lastKnownFileType = sourcecode.c.objc; path = CollectionViewController.m; sourceTree = "<group>"; };
		58A0286B1A74305000D79E2F /* PhotoCell.h */ = {isa = PBXFileReference; fileEncoding = 4; lastKnownFileType = sourcecode.c.h; path = PhotoCell.h; sourceTree = "<group>"; };
		58A0286C1A74305000D79E2F /* PhotoCell.m */ = {isa = PBXFileReference; fileEncoding = 4; lastKnownFileType = sourcecode.c.objc; path = PhotoCell.m; sourceTree = "<group>"; };
/* End PBXFileReference section */

/* Begin PBXFrameworksBuildPhase section */
		5848151C191D5D290019C583 /* Frameworks */ = {
			isa = PBXFrameworksBuildPhase;
			buildActionMask = 2147483647;
			files = (
				582A4AC31DD8D74D008203BA /* SafariServices.framework in Frameworks */,
				58481525191D5D290019C583 /* CoreGraphics.framework in Frameworks */,
				58481527191D5D290019C583 /* UIKit.framework in Frameworks */,
				58481523191D5D290019C583 /* Foundation.framework in Frameworks */,
			);
			runOnlyForDeploymentPostprocessing = 0;
		};
		5898E53F1BC52C8600DB2ECC /* Frameworks */ = {
			isa = PBXFrameworksBuildPhase;
			buildActionMask = 2147483647;
			files = (
			);
			runOnlyForDeploymentPostprocessing = 0;
		};
/* End PBXFrameworksBuildPhase section */

/* Begin PBXGroup section */
		58481516191D5D290019C583 = {
			isa = PBXGroup;
			children = (
				58481528191D5D290019C583 /* InfiniteScrollViewDemo */,
				5898E5431BC52C8600DB2ECC /* InfiniteScrollViewDemo_tvOS */,
				58481521191D5D290019C583 /* Frameworks */,
				58481520191D5D290019C583 /* Products */,
			);
			sourceTree = "<group>";
		};
		58481520191D5D290019C583 /* Products */ = {
			isa = PBXGroup;
			children = (
				5848151F191D5D290019C583 /* Infinite Scroll.app */,
				5898E5421BC52C8600DB2ECC /* Infinite Scroll.app */,
			);
			name = Products;
			sourceTree = "<group>";
		};
		58481521191D5D290019C583 /* Frameworks */ = {
			isa = PBXGroup;
			children = (
				582A4AC21DD8D74D008203BA /* SafariServices.framework */,
				58481522191D5D290019C583 /* Foundation.framework */,
				58481524191D5D290019C583 /* CoreGraphics.framework */,
				58481526191D5D290019C583 /* UIKit.framework */,
				5848153B191D5D290019C583 /* XCTest.framework */,
				31E76BFBDEA2456E98943CE8 /* libPods.a */,
			);
			name = Frameworks;
			sourceTree = "<group>";
		};
		58481528191D5D290019C583 /* InfiniteScrollViewDemo */ = {
			isa = PBXGroup;
			children = (
				5874FD85191E7EB10041FBF8 /* Classes */,
				5874FD7A191D5E080041FBF8 /* Main.storyboard */,
				5809B3781D2474EA0029136A /* Launch Screen.storyboard */,
				5865765B197D8CCF00E7AF20 /* UIApplication+NetworkIndicator.h */,
				5865765C197D8CCF00E7AF20 /* UIApplication+NetworkIndicator.m */,
				58481531191D5D290019C583 /* AppDelegate.h */,
				58481532191D5D290019C583 /* AppDelegate.m */,
				5874FD7F191E752B0041FBF8 /* StoryModel.h */,
				5874FD80191E752B0041FBF8 /* StoryModel.m */,
				583DCB9C1A2776E60049577B /* CustomInfiniteIndicator.h */,
				583DCB9D1A2776E60049577B /* CustomInfiniteIndicator.m */,
				5874FD7C191D5E6E0041FBF8 /* TableViewController.h */,
				5874FD7D191D5E6E0041FBF8 /* TableViewController.m */,
				58A028681A741ECD00D79E2F /* CollectionViewController.h */,
				58A028691A741ECD00D79E2F /* CollectionViewController.m */,
				587983E91AD020C200D736C9 /* PhotoViewController.h */,
				587983EA1AD020C200D736C9 /* PhotoViewController.m */,
				58A0286B1A74305000D79E2F /* PhotoCell.h */,
				58A0286C1A74305000D79E2F /* PhotoCell.m */,
				58481534191D5D290019C583 /* Images.xcassets */,
				58481529191D5D290019C583 /* Supporting Files */,
			);
			path = InfiniteScrollViewDemo;
			sourceTree = "<group>";
		};
		58481529191D5D290019C583 /* Supporting Files */ = {
			isa = PBXGroup;
			children = (
				5848152A191D5D290019C583 /* Info.plist */,
				5848152B191D5D290019C583 /* InfoPlist.strings */,
				5848152E191D5D290019C583 /* main.m */,
			);
			name = "Supporting Files";
			sourceTree = "<group>";
		};
		5874FD85191E7EB10041FBF8 /* Classes */ = {
			isa = PBXGroup;
			children = (
				5874FD86191E7EBF0041FBF8 /* UIScrollView+InfiniteScroll.h */,
				5874FD87191E7EBF0041FBF8 /* UIScrollView+InfiniteScroll.m */,
			);
			name = Classes;
			sourceTree = "<group>";
		};
		5898E5431BC52C8600DB2ECC /* InfiniteScrollViewDemo_tvOS */ = {
			isa = PBXGroup;
			children = (
				5898E5681BC536E300DB2ECC /* Main-tvOS.storyboard */,
				5898E5551BC52C8600DB2ECC /* Info.plist */,
			);
			path = InfiniteScrollViewDemo_tvOS;
			sourceTree = "<group>";
		};
/* End PBXGroup section */

/* Begin PBXNativeTarget section */
		5848151E191D5D290019C583 /* InfiniteScrollViewDemo */ = {
			isa = PBXNativeTarget;
			buildConfigurationList = 5848154B191D5D290019C583 /* Build configuration list for PBXNativeTarget "InfiniteScrollViewDemo" */;
			buildPhases = (
				5848151B191D5D290019C583 /* Sources */,
				5848151C191D5D290019C583 /* Frameworks */,
				5848151D191D5D290019C583 /* Resources */,
			);
			buildRules = (
			);
			dependencies = (
			);
			name = InfiniteScrollViewDemo;
			productName = InfiniteScrollViewDemo;
			productReference = 5848151F191D5D290019C583 /* Infinite Scroll.app */;
			productType = "com.apple.product-type.application";
		};
		5898E5411BC52C8600DB2ECC /* InfiniteScrollViewDemo_tvOS */ = {
			isa = PBXNativeTarget;
			buildConfigurationList = 5898E5581BC52C8600DB2ECC /* Build configuration list for PBXNativeTarget "InfiniteScrollViewDemo_tvOS" */;
			buildPhases = (
				5898E53E1BC52C8600DB2ECC /* Sources */,
				5898E53F1BC52C8600DB2ECC /* Frameworks */,
				5898E5401BC52C8600DB2ECC /* Resources */,
			);
			buildRules = (
			);
			dependencies = (
			);
			name = InfiniteScrollViewDemo_tvOS;
			productName = InfiniteScrollViewDemo_tvOS;
			productReference = 5898E5421BC52C8600DB2ECC /* Infinite Scroll.app */;
			productType = "com.apple.product-type.application";
		};
/* End PBXNativeTarget section */

/* Begin PBXProject section */
		58481517191D5D290019C583 /* Project object */ = {
			isa = PBXProject;
			attributes = {
				LastUpgradeCheck = 0710;
				ORGANIZATIONNAME = codeispoetry.ru;
				TargetAttributes = {
					5848151E191D5D290019C583 = {
						DevelopmentTeam = PR2A98QJ89;
					};
					5898E5411BC52C8600DB2ECC = {
						CreatedOnToolsVersion = 7.1;
						DevelopmentTeam = PR2A98QJ89;
					};
				};
			};
			buildConfigurationList = 5848151A191D5D290019C583 /* Build configuration list for PBXProject "InfiniteScrollViewDemo" */;
			compatibilityVersion = "Xcode 3.2";
			developmentRegion = English;
			hasScannedForEncodings = 0;
			knownRegions = (
				en,
				Base,
			);
			mainGroup = 58481516191D5D290019C583;
			productRefGroup = 58481520191D5D290019C583 /* Products */;
			projectDirPath = "";
			projectRoot = "";
			targets = (
				5848151E191D5D290019C583 /* InfiniteScrollViewDemo */,
				5898E5411BC52C8600DB2ECC /* InfiniteScrollViewDemo_tvOS */,
			);
		};
/* End PBXProject section */

/* Begin PBXResourcesBuildPhase section */
		5848151D191D5D290019C583 /* Resources */ = {
			isa = PBXResourcesBuildPhase;
			buildActionMask = 2147483647;
			files = (
				5848152D191D5D290019C583 /* InfoPlist.strings in Resources */,
				58481535191D5D290019C583 /* Images.xcassets in Resources */,
				5809B3791D2474EA0029136A /* Launch Screen.storyboard in Resources */,
				5874FD7B191D5E080041FBF8 /* Main.storyboard in Resources */,
			);
			runOnlyForDeploymentPostprocessing = 0;
		};
		5898E5401BC52C8600DB2ECC /* Resources */ = {
			isa = PBXResourcesBuildPhase;
			buildActionMask = 2147483647;
			files = (
				5898E5691BC536E300DB2ECC /* Main-tvOS.storyboard in Resources */,
				58A67D491BC5547700C9A7A4 /* Images.xcassets in Resources */,
			);
			runOnlyForDeploymentPostprocessing = 0;
		};
/* End PBXResourcesBuildPhase section */

/* Begin PBXSourcesBuildPhase section */
		5848151B191D5D290019C583 /* Sources */ = {
			isa = PBXSourcesBuildPhase;
			buildActionMask = 2147483647;
			files = (
				58481533191D5D290019C583 /* AppDelegate.m in Sources */,
				5874FD7E191D5E6E0041FBF8 /* TableViewController.m in Sources */,
				583DCB9E1A2776E60049577B /* CustomInfiniteIndicator.m in Sources */,
				5874FD88191E7EBF0041FBF8 /* UIScrollView+InfiniteScroll.m in Sources */,
				5865765D197D8CCF00E7AF20 /* UIApplication+NetworkIndicator.m in Sources */,
				58A0286D1A74305000D79E2F /* PhotoCell.m in Sources */,
				5874FD81191E752B0041FBF8 /* StoryModel.m in Sources */,
				5848152F191D5D290019C583 /* main.m in Sources */,
				587983EB1AD020C200D736C9 /* PhotoViewController.m in Sources */,
				58A0286A1A741ECD00D79E2F /* CollectionViewController.m in Sources */,
			);
			runOnlyForDeploymentPostprocessing = 0;
		};
		5898E53E1BC52C8600DB2ECC /* Sources */ = {
			isa = PBXSourcesBuildPhase;
			buildActionMask = 2147483647;
			files = (
				5898E5641BC531D900DB2ECC /* PhotoCell.m in Sources */,
				5898E55D1BC531CE00DB2ECC /* AppDelegate.m in Sources */,
				5898E55B1BC531C900DB2ECC /* UIScrollView+InfiniteScroll.m in Sources */,
				5898E55F1BC531D100DB2ECC /* CustomInfiniteIndicator.m in Sources */,
				5898E55E1BC531CF00DB2ECC /* StoryModel.m in Sources */,
				5898E5601BC531D200DB2ECC /* TableViewController.m in Sources */,
				5898E55C1BC531CB00DB2ECC /* UIApplication+NetworkIndicator.m in Sources */,
				5898E5621BC531D500DB2ECC /* CollectionViewController.m in Sources */,
				5898E5651BC532DE00DB2ECC /* main.m in Sources */,
				5898E5631BC531D700DB2ECC /* PhotoViewController.m in Sources */,
			);
			runOnlyForDeploymentPostprocessing = 0;
		};
/* End PBXSourcesBuildPhase section */

/* Begin PBXVariantGroup section */
		5848152B191D5D290019C583 /* InfoPlist.strings */ = {
			isa = PBXVariantGroup;
			children = (
				5848152C191D5D290019C583 /* en */,
			);
			name = InfoPlist.strings;
			sourceTree = "<group>";
		};
/* End PBXVariantGroup section */

/* Begin XCBuildConfiguration section */
		58481549191D5D290019C583 /* Debug */ = {
			isa = XCBuildConfiguration;
			buildSettings = {
				ALWAYS_SEARCH_USER_PATHS = NO;
				CLANG_CXX_LANGUAGE_STANDARD = "gnu++0x";
				CLANG_CXX_LIBRARY = "libc++";
				CLANG_ENABLE_MODULES = YES;
				CLANG_ENABLE_OBJC_ARC = YES;
				CLANG_WARN_BOOL_CONVERSION = YES;
				CLANG_WARN_CONSTANT_CONVERSION = YES;
				CLANG_WARN_DIRECT_OBJC_ISA_USAGE = YES_ERROR;
				CLANG_WARN_EMPTY_BODY = YES;
				CLANG_WARN_ENUM_CONVERSION = YES;
				CLANG_WARN_INT_CONVERSION = YES;
				CLANG_WARN_OBJC_ROOT_CLASS = YES_ERROR;
				CLANG_WARN__DUPLICATE_METHOD_MATCH = YES;
				"CODE_SIGN_IDENTITY[sdk=iphoneos*]" = "iPhone Developer";
				COPY_PHASE_STRIP = NO;
				ENABLE_TESTABILITY = YES;
				GCC_C_LANGUAGE_STANDARD = gnu99;
				GCC_DYNAMIC_NO_PIC = NO;
				GCC_OPTIMIZATION_LEVEL = 0;
				GCC_PREPROCESSOR_DEFINITIONS = (
					"DEBUG=1",
					"$(inherited)",
				);
				GCC_SYMBOLS_PRIVATE_EXTERN = NO;
				GCC_WARN_64_TO_32_BIT_CONVERSION = YES;
				GCC_WARN_ABOUT_RETURN_TYPE = YES_ERROR;
				GCC_WARN_UNDECLARED_SELECTOR = YES;
				GCC_WARN_UNINITIALIZED_AUTOS = YES_AGGRESSIVE;
				GCC_WARN_UNUSED_FUNCTION = YES;
				GCC_WARN_UNUSED_VARIABLE = YES;
				IPHONEOS_DEPLOYMENT_TARGET = 9.0;
				ONLY_ACTIVE_ARCH = YES;
				SDKROOT = iphoneos;
			};
			name = Debug;
		};
		5848154A191D5D290019C583 /* Release */ = {
			isa = XCBuildConfiguration;
			buildSettings = {
				ALWAYS_SEARCH_USER_PATHS = NO;
				CLANG_CXX_LANGUAGE_STANDARD = "gnu++0x";
				CLANG_CXX_LIBRARY = "libc++";
				CLANG_ENABLE_MODULES = YES;
				CLANG_ENABLE_OBJC_ARC = YES;
				CLANG_WARN_BOOL_CONVERSION = YES;
				CLANG_WARN_CONSTANT_CONVERSION = YES;
				CLANG_WARN_DIRECT_OBJC_ISA_USAGE = YES_ERROR;
				CLANG_WARN_EMPTY_BODY = YES;
				CLANG_WARN_ENUM_CONVERSION = YES;
				CLANG_WARN_INT_CONVERSION = YES;
				CLANG_WARN_OBJC_ROOT_CLASS = YES_ERROR;
				CLANG_WARN__DUPLICATE_METHOD_MATCH = YES;
				"CODE_SIGN_IDENTITY[sdk=iphoneos*]" = "iPhone Developer";
				COPY_PHASE_STRIP = YES;
				ENABLE_NS_ASSERTIONS = NO;
				GCC_C_LANGUAGE_STANDARD = gnu99;
				GCC_WARN_64_TO_32_BIT_CONVERSION = YES;
				GCC_WARN_ABOUT_RETURN_TYPE = YES_ERROR;
				GCC_WARN_UNDECLARED_SELECTOR = YES;
				GCC_WARN_UNINITIALIZED_AUTOS = YES_AGGRESSIVE;
				GCC_WARN_UNUSED_FUNCTION = YES;
				GCC_WARN_UNUSED_VARIABLE = YES;
				IPHONEOS_DEPLOYMENT_TARGET = 9.0;
				SDKROOT = iphoneos;
				VALIDATE_PRODUCT = YES;
			};
			name = Release;
		};
		5848154C191D5D290019C583 /* Debug */ = {
			isa = XCBuildConfiguration;
			buildSettings = {
				ASSETCATALOG_COMPILER_APPICON_NAME = AppIcon;
				DEVELOPMENT_TEAM = PR2A98QJ89;
				GCC_PRECOMPILE_PREFIX_HEADER = YES;
				GCC_WARN_UNUSED_LABEL = YES;
				GCC_WARN_UNUSED_PARAMETER = YES;
				INFOPLIST_FILE = InfiniteScrollViewDemo/Info.plist;
				PRODUCT_BUNDLE_IDENTIFIER = "ru.codeispoetry.${PRODUCT_NAME:rfc1034identifier}";
				PRODUCT_NAME = "Infinite Scroll";
				TARGETED_DEVICE_FAMILY = "1,2";
				TVOS_DEPLOYMENT_TARGET = 9.0;
				WRAPPER_EXTENSION = app;
			};
			name = Debug;
		};
		5848154D191D5D290019C583 /* Release */ = {
			isa = XCBuildConfiguration;
			buildSettings = {
				ASSETCATALOG_COMPILER_APPICON_NAME = AppIcon;
				DEVELOPMENT_TEAM = PR2A98QJ89;
				GCC_PRECOMPILE_PREFIX_HEADER = YES;
				GCC_WARN_UNUSED_LABEL = YES;
				GCC_WARN_UNUSED_PARAMETER = YES;
				INFOPLIST_FILE = InfiniteScrollViewDemo/Info.plist;
				PRODUCT_BUNDLE_IDENTIFIER = "ru.codeispoetry.${PRODUCT_NAME:rfc1034identifier}";
				PRODUCT_NAME = "Infinite Scroll";
				TARGETED_DEVICE_FAMILY = "1,2";
				TVOS_DEPLOYMENT_TARGET = 9.0;
				WRAPPER_EXTENSION = app;
			};
			name = Release;
		};
		5898E5561BC52C8600DB2ECC /* Debug */ = {
			isa = XCBuildConfiguration;
			buildSettings = {
				ASSETCATALOG_COMPILER_APPICON_NAME = "tvOS Icons";
				ASSETCATALOG_COMPILER_LAUNCHIMAGE_NAME = LaunchImage;
				CLANG_WARN_UNREACHABLE_CODE = YES;
				CODE_SIGN_IDENTITY = "iPhone Developer";
				DEBUG_INFORMATION_FORMAT = dwarf;
				DEVELOPMENT_TEAM = PR2A98QJ89;
				ENABLE_STRICT_OBJC_MSGSEND = YES;
				GCC_NO_COMMON_BLOCKS = YES;
				INFOPLIST_FILE = InfiniteScrollViewDemo_tvOS/Info.plist;
				LD_RUNPATH_SEARCH_PATHS = "$(inherited) @executable_path/Frameworks";
				MTL_ENABLE_DEBUG_INFO = YES;
				PRODUCT_BUNDLE_IDENTIFIER = "ru.codeispoetry.InfiniteScrollViewDemo-tvOS";
				PRODUCT_NAME = "Infinite Scroll";
				SDKROOT = appletvos;
				TARGETED_DEVICE_FAMILY = 3;
			};
			name = Debug;
		};
		5898E5571BC52C8600DB2ECC /* Release */ = {
			isa = XCBuildConfiguration;
			buildSettings = {
				ASSETCATALOG_COMPILER_APPICON_NAME = "tvOS Icons";
				ASSETCATALOG_COMPILER_LAUNCHIMAGE_NAME = LaunchImage;
				CLANG_WARN_UNREACHABLE_CODE = YES;
				CODE_SIGN_IDENTITY = "iPhone Developer";
				COPY_PHASE_STRIP = NO;
				DEBUG_INFORMATION_FORMAT = "dwarf-with-dsym";
				DEVELOPMENT_TEAM = PR2A98QJ89;
				ENABLE_STRICT_OBJC_MSGSEND = YES;
				GCC_NO_COMMON_BLOCKS = YES;
				INFOPLIST_FILE = InfiniteScrollViewDemo_tvOS/Info.plist;
				LD_RUNPATH_SEARCH_PATHS = "$(inherited) @executable_path/Frameworks";
				MTL_ENABLE_DEBUG_INFO = NO;
				PRODUCT_BUNDLE_IDENTIFIER = "ru.codeispoetry.InfiniteScrollViewDemo-tvOS";
				PRODUCT_NAME = "Infinite Scroll";
				SDKROOT = appletvos;
				TARGETED_DEVICE_FAMILY = 3;
			};
			name = Release;
		};
/* End XCBuildConfiguration section */

/* Begin XCConfigurationList section */
		5848151A191D5D290019C583 /* Build configuration list for PBXProject "InfiniteScrollViewDemo" */ = {
			isa = XCConfigurationList;
			buildConfigurations = (
				58481549191D5D290019C583 /* Debug */,
				5848154A191D5D290019C583 /* Release */,
			);
			defaultConfigurationIsVisible = 0;
			defaultConfigurationName = Release;
		};
		5848154B191D5D290019C583 /* Build configuration list for PBXNativeTarget "InfiniteScrollViewDemo" */ = {
			isa = XCConfigurationList;
			buildConfigurations = (
				5848154C191D5D290019C583 /* Debug */,
				5848154D191D5D290019C583 /* Release */,
			);
			defaultConfigurationIsVisible = 0;
			defaultConfigurationName = Release;
		};
		5898E5581BC52C8600DB2ECC /* Build configuration list for PBXNativeTarget "InfiniteScrollViewDemo_tvOS" */ = {
			isa = XCConfigurationList;
			buildConfigurations = (
				5898E5561BC52C8600DB2ECC /* Debug */,
				5898E5571BC52C8600DB2ECC /* Release */,
			);
			defaultConfigurationIsVisible = 0;
			defaultConfigurationName = Release;
		};
/* End XCConfigurationList section */
	};
	rootObject = 58481517191D5D290019C583 /* Project object */;
}
