// !$*UTF8*$!
{
	archiveVersion = 1;
	classes = {
	};
	objectVersion = 46;
	objects = {

/* Begin PBXBuildFile section */
		39FC9E151C5C7CEE00D130E5 /* UIScrollView_InfiniteScroll.h in Headers */ = {isa = PBXBuildFile; fileRef = 39FC9E141C5C7CEE00D130E5 /* UIScrollView_InfiniteScroll.h */; settings = {ATTRIBUTES = (Public, ); }; };
		39FC9E1E1C5C7D3F00D130E5 /* UIScrollView+InfiniteScroll.h in Headers */ = {isa = PBXBuildFile; fileRef = 39FC9E1C1C5C7D3F00D130E5 /* UIScrollView+InfiniteScroll.h */; settings = {ATTRIBUTES = (Public, ); }; };
		39FC9E1F1C5C7D3F00D130E5 /* UIScrollView+InfiniteScroll.m in Sources */ = {isa = PBXBuildFile; fileRef = 39FC9E1D1C5C7D3F00D130E5 /* UIScrollView+InfiniteScroll.m */; };
/* End PBXBuildFile section */

/* Begin PBXFileReference section */
		39FC9E111C5C7CEE00D130E5 /* UIScrollView_InfiniteScroll.framework */ = {isa = PBXFileReference; explicitFileType = wrapper.framework; includeInIndex = 0; path = UIScrollView_InfiniteScroll.framework; sourceTree = BUILT_PRODUCTS_DIR; };
		39FC9E141C5C7CEE00D130E5 /* UIScrollView_InfiniteScroll.h */ = {isa = PBXFileReference; lastKnownFileType = sourcecode.c.h; path = UIScrollView_InfiniteScroll.h; sourceTree = "<group>"; };
		39FC9E161C5C7CEE00D130E5 /* Info.plist */ = {isa = PBXFileReference; lastKnownFileType = text.plist.xml; path = Info.plist; sourceTree = "<group>"; };
		39FC9E1C1C5C7D3F00D130E5 /* UIScrollView+InfiniteScroll.h */ = {isa = PBXFileReference; fileEncoding = 4; lastKnownFileType = sourcecode.c.h; name = "UIScrollView+InfiniteScroll.h"; path = "Classes/UIScrollView+InfiniteScroll.h"; sourceTree = SOURCE_ROOT; };
		39FC9E1D1C5C7D3F00D130E5 /* UIScrollView+InfiniteScroll.m */ = {isa = PBXFileReference; fileEncoding = 4; lastKnownFileType = sourcecode.c.objc; name = "UIScrollView+InfiniteScroll.m"; path = "Classes/UIScrollView+InfiniteScroll.m"; sourceTree = SOURCE_ROOT; };
/* End PBXFileReference section */

/* Begin PBXFrameworksBuildPhase section */
		39FC9E0D1C5C7CEE00D130E5 /* Frameworks */ = {
			isa = PBXFrameworksBuildPhase;
			buildActionMask = 2147483647;
			files = (
			);
			runOnlyForDeploymentPostprocessing = 0;
		};
/* End PBXFrameworksBuildPhase section */

/* Begin PBXGroup section */
		39FC9E071C5C7CEE00D130E5 = {
			isa = PBXGroup;
			children = (
				39FC9E131C5C7CEE00D130E5 /* UIScrollView_InfiniteScroll */,
				39FC9E121C5C7CEE00D130E5 /* Products */,
			);
			sourceTree = "<group>";
		};
		39FC9E121C5C7CEE00D130E5 /* Products */ = {
			isa = PBXGroup;
			children = (
				39FC9E111C5C7CEE00D130E5 /* UIScrollView_InfiniteScroll.framework */,
			);
			name = Products;
			sourceTree = "<group>";
		};
		39FC9E131C5C7CEE00D130E5 /* UIScrollView_InfiniteScroll */ = {
			isa = PBXGroup;
			children = (
				39FC9E1C1C5C7D3F00D130E5 /* UIScrollView+InfiniteScroll.h */,
				39FC9E1D1C5C7D3F00D130E5 /* UIScrollView+InfiniteScroll.m */,
				39FC9E141C5C7CEE00D130E5 /* UIScrollView_InfiniteScroll.h */,
				39FC9E161C5C7CEE00D130E5 /* Info.plist */,
			);
			path = UIScrollView_InfiniteScroll;
			sourceTree = "<group>";
		};
/* End PBXGroup section */

/* Begin PBXHeadersBuildPhase section */
		39FC9E0E1C5C7CEE00D130E5 /* Headers */ = {
			isa = PBXHeadersBuildPhase;
			buildActionMask = 2147483647;
			files = (
				39FC9E151C5C7CEE00D130E5 /* UIScrollView_InfiniteScroll.h in Headers */,
				39FC9E1E1C5C7D3F00D130E5 /* UIScrollView+InfiniteScroll.h in Headers */,
			);
			runOnlyForDeploymentPostprocessing = 0;
		};
/* End PBXHeadersBuildPhase section */

/* Begin PBXNativeTarget section */
		39FC9E101C5C7CEE00D130E5 /* UIScrollView_InfiniteScroll */ = {
			isa = PBXNativeTarget;
			buildConfigurationList = 39FC9E191C5C7CEE00D130E5 /* Build configuration list for PBXNativeTarget "UIScrollView_InfiniteScroll" */;
			buildPhases = (
				39FC9E0C1C5C7CEE00D130E5 /* Sources */,
				39FC9E0D1C5C7CEE00D130E5 /* Frameworks */,
				39FC9E0E1C5C7CEE00D130E5 /* Headers */,
				39FC9E0F1C5C7CEE00D130E5 /* Resources */,
			);
			buildRules = (
			);
			dependencies = (
			);
			name = UIScrollView_InfiniteScroll;
			productName = UIScrollView_InfiniteScroll;
			productReference = 39FC9E111C5C7CEE00D130E5 /* UIScrollView_InfiniteScroll.framework */;
			productType = "com.apple.product-type.framework";
		};
/* End PBXNativeTarget section */

/* Begin PBXProject section */
		39FC9E081C5C7CEE00D130E5 /* Project object */ = {
			isa = PBXProject;
			attributes = {
				LastUpgradeCheck = 0720;
				ORGANIZATIONNAME = codeispoetry.ru;
			};
			buildConfigurationList = 39FC9E0B1C5C7CEE00D130E5 /* Build configuration list for PBXProject "UIScrollView_InfiniteScroll" */;
			compatibilityVersion = "Xcode 3.2";
			developmentRegion = English;
			hasScannedForEncodings = 0;
			knownRegions = (
				en,
			);
			mainGroup = 39FC9E071C5C7CEE00D130E5;
			productRefGroup = 39FC9E121C5C7CEE00D130E5 /* Products */;
			projectDirPath = "";
			projectRoot = "";
			targets = (
				39FC9E101C5C7CEE00D130E5 /* UIScrollView_InfiniteScroll */,
			);
		};
/* End PBXProject section */

/* Begin PBXResourcesBuildPhase section */
		39FC9E0F1C5C7CEE00D130E5 /* Resources */ = {
			isa = PBXResourcesBuildPhase;
			buildActionMask = 2147483647;
			files = (
			);
			runOnlyForDeploymentPostprocessing = 0;
		};
/* End PBXResourcesBuildPhase section */

/* Begin PBXSourcesBuildPhase section */
		39FC9E0C1C5C7CEE00D130E5 /* Sources */ = {
			isa = PBXSourcesBuildPhase;
			buildActionMask = 2147483647;
			files = (
				39FC9E1F1C5C7D3F00D130E5 /* UIScrollView+InfiniteScroll.m in Sources */,
			);
			runOnlyForDeploymentPostprocessing = 0;
		};
/* End PBXSourcesBuildPhase section */

/* Begin XCBuildConfiguration section */
		39FC9E171C5C7CEE00D130E5 /* Debug */ = {
			isa = XCBuildConfiguration;
			buildSettings = {
				ALWAYS_SEARCH_USER_PATHS = NO;
				CLANG_CXX_LANGUAGE_STANDARD = "gnu++0x";
				CLANG_CXX_LIBRARY = "libc++";
				CLANG_ENABLE_MODULES = YES;
				CLANG_ENABLE_OBJC_ARC = YES;
				CLANG_WARN_BOOL_CONVERSION = YES;
				CLANG_WARN_CONSTANT_CONVERSION = YES;
				CLANG_WARN_DIRECT_OBJC_ISA_USAGE = YES_ERROR;
				CLANG_WARN_EMPTY_BODY = YES;
				CLANG_WARN_ENUM_CONVERSION = YES;
				CLANG_WARN_INT_CONVERSION = YES;
				CLANG_WARN_OBJC_ROOT_CLASS = YES_ERROR;
				CLANG_WARN_UNREACHABLE_CODE = YES;
				CLANG_WARN__DUPLICATE_METHOD_MATCH = YES;
				"CODE_SIGN_IDENTITY[sdk=iphoneos*]" = "iPhone Developer";
				COPY_PHASE_STRIP = NO;
				CURRENT_PROJECT_VERSION = 1;
				DEBUG_INFORMATION_FORMAT = dwarf;
				ENABLE_STRICT_OBJC_MSGSEND = YES;
				ENABLE_TESTABILITY = YES;
				GCC_C_LANGUAGE_STANDARD = gnu99;
				GCC_DYNAMIC_NO_PIC = NO;
				GCC_NO_COMMON_BLOCKS = YES;
				GCC_OPTIMIZATION_LEVEL = 0;
				GCC_PREPROCESSOR_DEFINITIONS = (
					"DEBUG=1",
					"$(inherited)",
				);
				GCC_WARN_64_TO_32_BIT_CONVERSION = YES;
				GCC_WARN_ABOUT_RETURN_TYPE = YES_ERROR;
				GCC_WARN_UNDECLARED_SELECTOR = YES;
				GCC_WARN_UNINITIALIZED_AUTOS = YES_AGGRESSIVE;
				GCC_WARN_UNUSED_FUNCTION = YES;
				GCC_WARN_UNUSED_VARIABLE = YES;
				IPHONEOS_DEPLOYMENT_TARGET = 9.2;
				MTL_ENABLE_DEBUG_INFO = YES;
				ONLY_ACTIVE_ARCH = YES;
				SDKROOT = iphoneos;
				TARGETED_DEVICE_FAMILY = "1,2";
				VERSIONING_SYSTEM = "apple-generic";
				VERSION_INFO_PREFIX = "";
			};
			name = Debug;
		};
		39FC9E181C5C7CEE00D130E5 /* Release */ = {
			isa = XCBuildConfiguration;
			buildSettings = {
				ALWAYS_SEARCH_USER_PATHS = NO;
				CLANG_CXX_LANGUAGE_STANDARD = "gnu++0x";
				CLANG_CXX_LIBRARY = "libc++";
				CLANG_ENABLE_MODULES = YES;
				CLANG_ENABLE_OBJC_ARC = YES;
				CLANG_WARN_BOOL_CONVERSION = YES;
				CLANG_WARN_CONSTANT_CONVERSION = YES;
				CLANG_WARN_DIRECT_OBJC_ISA_USAGE = YES_ERROR;
				CLANG_WARN_EMPTY_BODY = YES;
				CLANG_WARN_ENUM_CONVERSION = YES;
				CLANG_WARN_INT_CONVERSION = YES;
				CLANG_WARN_OBJC_ROOT_CLASS = YES_ERROR;
				CLANG_WARN_UNREACHABLE_CODE = YES;
				CLANG_WARN__DUPLICATE_METHOD_MATCH = YES;
				"CODE_SIGN_IDENTITY[sdk=iphoneos*]" = "iPhone Developer";
				COPY_PHASE_STRIP = NO;
				CURRENT_PROJECT_VERSION = 1;
				DEBUG_INFORMATION_FORMAT = "dwarf-with-dsym";
				ENABLE_NS_ASSERTIONS = NO;
				ENABLE_STRICT_OBJC_MSGSEND = YES;
				GCC_C_LANGUAGE_STANDARD = gnu99;
				GCC_NO_COMMON_BLOCKS = YES;
				GCC_WARN_64_TO_32_BIT_CONVERSION = YES;
				GCC_WARN_ABOUT_RETURN_TYPE = YES_ERROR;
				GCC_WARN_UNDECLARED_SELECTOR = YES;
				GCC_WARN_UNINITIALIZED_AUTOS = YES_AGGRESSIVE;
				GCC_WARN_UNUSED_FUNCTION = YES;
				GCC_WARN_UNUSED_VARIABLE = YES;
				IPHONEOS_DEPLOYMENT_TARGET = 9.2;
				MTL_ENABLE_DEBUG_INFO = NO;
				SDKROOT = iphoneos;
				TARGETED_DEVICE_FAMILY = "1,2";
				VALIDATE_PRODUCT = YES;
				VERSIONING_SYSTEM = "apple-generic";
				VERSION_INFO_PREFIX = "";
			};
			name = Release;
		};
		39FC9E1A1C5C7CEE00D130E5 /* Debug */ = {
			isa = XCBuildConfiguration;
			buildSettings = {
				DEFINES_MODULE = YES;
				DYLIB_COMPATIBILITY_VERSION = 1;
				DYLIB_CURRENT_VERSION = 1;
				DYLIB_INSTALL_NAME_BASE = "@rpath";
				INFOPLIST_FILE = UIScrollView_InfiniteScroll/Info.plist;
				INSTALL_PATH = "$(LOCAL_LIBRARY_DIR)/Frameworks";
				IPHONEOS_DEPLOYMENT_TARGET = 8.0;
				LD_RUNPATH_SEARCH_PATHS = "$(inherited) @executable_path/Frameworks @loader_path/Frameworks";
				PRODUCT_BUNDLE_IDENTIFIER = "ru.codeispoetry.Infinite-Scroll";
				PRODUCT_NAME = "$(TARGET_NAME)";
				SKIP_INSTALL = YES;
			};
			name = Debug;
		};
		39FC9E1B1C5C7CEE00D130E5 /* Release */ = {
			isa = XCBuildConfiguration;
			buildSettings = {
				DEFINES_MODULE = YES;
				DYLIB_COMPATIBILITY_VERSION = 1;
				DYLIB_CURRENT_VERSION = 1;
				DYLIB_INSTALL_NAME_BASE = "@rpath";
				INFOPLIST_FILE = UIScrollView_InfiniteScroll/Info.plist;
				INSTALL_PATH = "$(LOCAL_LIBRARY_DIR)/Frameworks";
				IPHONEOS_DEPLOYMENT_TARGET = 8.0;
				LD_RUNPATH_SEARCH_PATHS = "$(inherited) @executable_path/Frameworks @loader_path/Frameworks";
				PRODUCT_BUNDLE_IDENTIFIER = "ru.codeispoetry.Infinite-Scroll";
				PRODUCT_NAME = "$(TARGET_NAME)";
				SKIP_INSTALL = YES;
			};
			name = Release;
		};
/* End XCBuildConfiguration section */

/* Begin XCConfigurationList section */
		39FC9E0B1C5C7CEE00D130E5 /* Build configuration list for PBXProject "UIScrollView_InfiniteScroll" */ = {
			isa = XCConfigurationList;
			buildConfigurations = (
				39FC9E171C5C7CEE00D130E5 /* Debug */,
				39FC9E181C5C7CEE00D130E5 /* Release */,
			);
			defaultConfigurationIsVisible = 0;
			defaultConfigurationName = Release;
		};
		39FC9E191C5C7CEE00D130E5 /* Build configuration list for PBXNativeTarget "UIScrollView_InfiniteScroll" */ = {
			isa = XCConfigurationList;
			buildConfigurations = (
				39FC9E1A1C5C7CEE00D130E5 /* Debug */,
				39FC9E1B1C5C7CEE00D130E5 /* Release */,
			);
			defaultConfigurationIsVisible = 0;
			defaultConfigurationName = Release;
		};
/* End XCConfigurationList section */
	};
	rootObject = 39FC9E081C5C7CEE00D130E5 /* Project object */;
}
